
Microsoft Visual Studio Solution File, Format Version 12.00
# Visual Studio Version 17
VisualStudioVersion = 17.0.31903.59
MinimumVisualStudioVersion = 10.0.40219.1
Project("{9A19103F-16F7-4668-BE54-9A1E7A4F7556}") = "MeinStudManager", "MeinStudManager\MeinStudManager.csproj", "{8DE43D85-9B49-4BAE-83DC-351D57604EE6}"
EndProject
Global
	GlobalSection(SolutionConfigurationPlatforms) = preSolution
		Debug|Any CPU = Debug|Any CPU
		Release|Any CPU = Release|Any CPU
	EndGlobalSection
	GlobalSection(ProjectConfigurationPlatforms) = postSolution
		{8DE43D85-9B49-4BAE-83DC-351D57604EE6}.Debug|Any CPU.ActiveCfg = Debug|Any CPU
		{8DE43D85-9B49-4BAE-83DC-351D57604EE6}.Debug|Any CPU.Build.0 = Debug|Any CPU
		{8DE43D85-9B49-4BAE-83DC-351D57604EE6}.Release|Any CPU.ActiveCfg = Release|Any CPU
		{8DE43D85-9B49-4BAE-83DC-351D57604EE6}.Release|Any CPU.Build.0 = Release|Any CPU
	EndGlobalSection
	GlobalSection(SolutionProperties) = preSolution
		HideSolutionNode = FALSE
	EndGlobalSection
	GlobalSection(ExtensibilityGlobals) = postSolution
		SolutionGuid = {8A26E84B-811B-4B65-A662-54750C1F6194}
	EndGlobalSection
EndGlobal
